
Microsoft Visual Studio Solution File, Format Version 12.00
# Visual Studio Version 17
VisualStudioVersion = 17.13.35818.85 d17.13
MinimumVisualStudioVersion = 10.0.40219.1
Project("{FAE04EC0-301F-11D3-BF4B-00C04F79EFBC}") = "WpfSutdyApp01", "WpfSutdyApp01\WpfSutdyApp01.csproj", "{0B331253-8731-47B8-B6CB-15ED1161D641}"
EndProject
Project("{FAE04EC0-301F-11D3-BF4B-00C04F79EFBC}") = "WpfStudyApp02", "WpfStudyApp02\WpfStudyApp02.csproj", "{EF7499B6-863B-46AA-AF8F-3AEF770FCA4C}"
EndProject
Project("{FAE04EC0-301F-11D3-BF4B-00C04F79EFBC}") = "WpfStudyApp03", "WpfStudyApp03\WpfStudyApp03.csproj", "{540C0208-614B-4227-99B7-509BC38857E5}"
EndProject
Project("{FAE04EC0-301F-11D3-BF4B-00C04F79EFBC}") = "WpfStudyApp04", "WpfStudyApp04\WpfStudyApp04.csproj", "{4D0083DC-4AC3-4945-BFEF-F790BB66CEF8}"
EndProject
Global
	GlobalSection(SolutionConfigurationPlatforms) = preSolution
		Debug|Any CPU = Debug|Any CPU
		Release|Any CPU = Release|Any CPU
	EndGlobalSection
	GlobalSection(ProjectConfigurationPlatforms) = postSolution
		{0B331253-8731-47B8-B6CB-15ED1161D641}.Debug|Any CPU.ActiveCfg = Debug|Any CPU
		{0B331253-8731-47B8-B6CB-15ED1161D641}.Debug|Any CPU.Build.0 = Debug|Any CPU
		{0B331253-8731-47B8-B6CB-15ED1161D641}.Release|Any CPU.ActiveCfg = Release|Any CPU
		{0B331253-8731-47B8-B6CB-15ED1161D641}.Release|Any CPU.Build.0 = Release|Any CPU
		{EF7499B6-863B-46AA-AF8F-3AEF770FCA4C}.Debug|Any CPU.ActiveCfg = Debug|Any CPU
		{EF7499B6-863B-46AA-AF8F-3AEF770FCA4C}.Debug|Any CPU.Build.0 = Debug|Any CPU
		{EF7499B6-863B-46AA-AF8F-3AEF770FCA4C}.Release|Any CPU.ActiveCfg = Release|Any CPU
		{EF7499B6-863B-46AA-AF8F-3AEF770FCA4C}.Release|Any CPU.Build.0 = Release|Any CPU
		{540C0208-614B-4227-99B7-509BC38857E5}.Debug|Any CPU.ActiveCfg = Debug|Any CPU
		{540C0208-614B-4227-99B7-509BC38857E5}.Debug|Any CPU.Build.0 = Debug|Any CPU
		{540C0208-614B-4227-99B7-509BC38857E5}.Release|Any CPU.ActiveCfg = Release|Any CPU
		{540C0208-614B-4227-99B7-509BC38857E5}.Release|Any CPU.Build.0 = Release|Any CPU
		{4D0083DC-4AC3-4945-BFEF-F790BB66CEF8}.Debug|Any CPU.ActiveCfg = Debug|Any CPU
		{4D0083DC-4AC3-4945-BFEF-F790BB66CEF8}.Debug|Any CPU.Build.0 = Debug|Any CPU
		{4D0083DC-4AC3-4945-BFEF-F790BB66CEF8}.Release|Any CPU.ActiveCfg = Release|Any CPU
		{4D0083DC-4AC3-4945-BFEF-F790BB66CEF8}.Release|Any CPU.Build.0 = Release|Any CPU
	EndGlobalSection
	GlobalSection(SolutionProperties) = preSolution
		HideSolutionNode = FALSE
	EndGlobalSection
	GlobalSection(ExtensibilityGlobals) = postSolution
		SolutionGuid = {C8CE1F60-8316-43F3-8E4C-BDC80FFC8D7A}
	EndGlobalSection
EndGlobal
