
Microsoft Visual Studio Solution File, Format Version 12.00
# Visual Studio Version 17
VisualStudioVersion = 17.13.35818.85
MinimumVisualStudioVersion = 10.0.40219.1
Project("{FAE04EC0-301F-11D3-BF4B-00C04F79EFBC}") = "WpfStudyApp01", "WpfStudyApp01\WpfStudyApp01.csproj", "{E55691E9-7DBD-4774-AB78-39560AA99592}"
EndProject
Project("{FAE04EC0-301F-11D3-BF4B-00C04F79EFBC}") = "WpfStudyApp02", "WpfStudyApp02\WpfStudyApp02.csproj", "{3B8B15F3-EF5C-4C1A-98BC-3B126B274EB0}"
EndProject
Project("{FAE04EC0-301F-11D3-BF4B-00C04F79EFBC}") = "WpfStudyApp03", "WpfStudyApp03\WpfStudyApp03.csproj", "{D2D4DE3D-3499-40E0-A864-87DB248808EB}"
EndProject
Project("{FAE04EC0-301F-11D3-BF4B-00C04F79EFBC}") = "WpfStudyApp04", "WpfStudyApp04\WpfStudyApp04.csproj", "{2FB0EA5A-346E-4B56-8566-0DDE2E9FE099}"
EndProject
Project("{FAE04EC0-301F-11D3-BF4B-00C04F79EFBC}") = "WfpStudyApp05", "WfpStudyApp05\WfpStudyApp05.csproj", "{BD653479-5C08-4FA6-98A9-988C0F4CED9C}"
EndProject
Global
	GlobalSection(SolutionConfigurationPlatforms) = preSolution
		Debug|Any CPU = Debug|Any CPU
		Release|Any CPU = Release|Any CPU
	EndGlobalSection
	GlobalSection(ProjectConfigurationPlatforms) = postSolution
		{E55691E9-7DBD-4774-AB78-39560AA99592}.Debug|Any CPU.ActiveCfg = Debug|Any CPU
		{E55691E9-7DBD-4774-AB78-39560AA99592}.Debug|Any CPU.Build.0 = Debug|Any CPU
		{E55691E9-7DBD-4774-AB78-39560AA99592}.Release|Any CPU.ActiveCfg = Release|Any CPU
		{E55691E9-7DBD-4774-AB78-39560AA99592}.Release|Any CPU.Build.0 = Release|Any CPU
		{3B8B15F3-EF5C-4C1A-98BC-3B126B274EB0}.Debug|Any CPU.ActiveCfg = Debug|Any CPU
		{3B8B15F3-EF5C-4C1A-98BC-3B126B274EB0}.Debug|Any CPU.Build.0 = Debug|Any CPU
		{3B8B15F3-EF5C-4C1A-98BC-3B126B274EB0}.Release|Any CPU.ActiveCfg = Release|Any CPU
		{3B8B15F3-EF5C-4C1A-98BC-3B126B274EB0}.Release|Any CPU.Build.0 = Release|Any CPU
		{D2D4DE3D-3499-40E0-A864-87DB248808EB}.Debug|Any CPU.ActiveCfg = Debug|Any CPU
		{D2D4DE3D-3499-40E0-A864-87DB248808EB}.Debug|Any CPU.Build.0 = Debug|Any CPU
		{D2D4DE3D-3499-40E0-A864-87DB248808EB}.Release|Any CPU.ActiveCfg = Release|Any CPU
		{D2D4DE3D-3499-40E0-A864-87DB248808EB}.Release|Any CPU.Build.0 = Release|Any CPU
		{2FB0EA5A-346E-4B56-8566-0DDE2E9FE099}.Debug|Any CPU.ActiveCfg = Debug|Any CPU
		{2FB0EA5A-346E-4B56-8566-0DDE2E9FE099}.Debug|Any CPU.Build.0 = Debug|Any CPU
		{2FB0EA5A-346E-4B56-8566-0DDE2E9FE099}.Release|Any CPU.ActiveCfg = Release|Any CPU
		{2FB0EA5A-346E-4B56-8566-0DDE2E9FE099}.Release|Any CPU.Build.0 = Release|Any CPU
		{BD653479-5C08-4FA6-98A9-988C0F4CED9C}.Debug|Any CPU.ActiveCfg = Debug|Any CPU
		{BD653479-5C08-4FA6-98A9-988C0F4CED9C}.Debug|Any CPU.Build.0 = Debug|Any CPU
		{BD653479-5C08-4FA6-98A9-988C0F4CED9C}.Release|Any CPU.ActiveCfg = Release|Any CPU
		{BD653479-5C08-4FA6-98A9-988C0F4CED9C}.Release|Any CPU.Build.0 = Release|Any CPU
	EndGlobalSection
	GlobalSection(SolutionProperties) = preSolution
		HideSolutionNode = FALSE
	EndGlobalSection
	GlobalSection(ExtensibilityGlobals) = postSolution
		SolutionGuid = {912D01F2-9024-439D-B82A-81E2B7078150}
	EndGlobalSection
EndGlobal
