
Microsoft Visual Studio Solution File, Format Version 12.00
# Visual Studio Version 17
VisualStudioVersion = 17.13.35818.85 d17.13
MinimumVisualStudioVersion = 10.0.40219.1
Project("{FAE04EC0-301F-11D3-BF4B-00C04F79EFBC}") = "WinAppPractice01(Calc.)", "WinAppPractice01\WinAppPractice01(Calc.).csproj", "{18A4E312-BBCF-4305-8DC1-7D3782C79BCB}"
EndProject
Global
	GlobalSection(SolutionConfigurationPlatforms) = preSolution
		Debug|Any CPU = Debug|Any CPU
		Release|Any CPU = Release|Any CPU
	EndGlobalSection
	GlobalSection(ProjectConfigurationPlatforms) = postSolution
		{18A4E312-BBCF-4305-8DC1-7D3782C79BCB}.Debug|Any CPU.ActiveCfg = Debug|Any CPU
		{18A4E312-BBCF-4305-8DC1-7D3782C79BCB}.Debug|Any CPU.Build.0 = Debug|Any CPU
		{18A4E312-BBCF-4305-8DC1-7D3782C79BCB}.Release|Any CPU.ActiveCfg = Release|Any CPU
		{18A4E312-BBCF-4305-8DC1-7D3782C79BCB}.Release|Any CPU.Build.0 = Release|Any CPU
	EndGlobalSection
	GlobalSection(SolutionProperties) = preSolution
		HideSolutionNode = FALSE
	EndGlobalSection
	GlobalSection(ExtensibilityGlobals) = postSolution
		SolutionGuid = {7DC19B64-FCED-4670-BCEC-9B5DC1F78945}
	EndGlobalSection
EndGlobal
